// !$*UTF8*$!
{
	archiveVersion = 1;
	classes = {
	};
	objectVersion = 77;
	objects = {

/* Begin PBXContainerItemProxy section */
		2F1C01302DA505CA0009902D /* PBXContainerItemProxy */ = {
			isa = PBXContainerItemProxy;
			containerPortal = 2F1C01172DA505C80009902D /* Project object */;
			proxyType = 1;
			remoteGlobalIDString = 2F1C011E2DA505C80009902D;
			remoteInfo = ResponsiveUI;
		};
		2F1C013A2DA505CA0009902D /* PBXContainerItemProxy */ = {
			isa = PBXContainerItemProxy;
			containerPortal = 2F1C01172DA505C80009902D /* Project object */;
			proxyType = 1;
			remoteGlobalIDString = 2F1C011E2DA505C80009902D;
			remoteInfo = ResponsiveUI;
		};
/* End PBXContainerItemProxy section */

/* Begin PBXFileReference section */
		2F1C011F2DA505C80009902D /* ResponsiveUI.app */ = {isa = PBXFileReference; explicitFileType = wrapper.application; includeInIndex = 0; path = ResponsiveUI.app; sourceTree = BUILT_PRODUCTS_DIR; };
		2F1C012F2DA505CA0009902D /* ResponsiveUITests.xctest */ = {isa = PBXFileReference; explicitFileType = wrapper.cfbundle; includeInIndex = 0; path = ResponsiveUITests.xctest; sourceTree = BUILT_PRODUCTS_DIR; };
		2F1C01392DA505CA0009902D /* ResponsiveUIUITests.xctest */ = {isa = PBXFileReference; explicitFileType = wrapper.cfbundle; includeInIndex = 0; path = ResponsiveUIUITests.xctest; sourceTree = BUILT_PRODUCTS_DIR; };
/* End PBXFileReference section */

/* Begin PBXFileSystemSynchronizedRootGroup section */
		2F1C01212DA505C80009902D /* ResponsiveUI */ = {
			isa = PBXFileSystemSynchronizedRootGroup;
			path = ResponsiveUI;
			sourceTree = "<group>";
		};
		2F1C01322DA505CA0009902D /* ResponsiveUITests */ = {
			isa = PBXFileSystemSynchronizedRootGroup;
			path = ResponsiveUITests;
			sourceTree = "<group>";
		};
		2F1C013C2DA505CA0009902D /* ResponsiveUIUITests */ = {
			isa = PBXFileSystemSynchronizedRootGroup;
			path = ResponsiveUIUITests;
			sourceTree = "<group>";
		};
/* End PBXFileSystemSynchronizedRootGroup section */

/* Begin PBXFrameworksBuildPhase section */
		2F1C011C2DA505C80009902D /* Frameworks */ = {
			isa = PBXFrameworksBuildPhase;
			buildActionMask = 2147483647;
			files = (
			);
			runOnlyForDeploymentPostprocessing = 0;
		};
		2F1C012C2DA505CA0009902D /* Frameworks */ = {
			isa = PBXFrameworksBuildPhase;
			buildActionMask = 2147483647;
			files = (
			);
			runOnlyForDeploymentPostprocessing = 0;
		};
		2F1C01362DA505CA0009902D /* Frameworks */ = {
			isa = PBXFrameworksBuildPhase;
			buildActionMask = 2147483647;
			files = (
			);
			runOnlyForDeploymentPostprocessing = 0;
		};
/* End PBXFrameworksBuildPhase section */

/* Begin PBXGroup section */
		2F1C01162DA505C80009902D = {
			isa = PBXGroup;
			children = (
				2F1C01212DA505C80009902D /* ResponsiveUI */,
				2F1C01322DA505CA0009902D /* ResponsiveUITests */,
				2F1C013C2DA505CA0009902D /* ResponsiveUIUITests */,
				2F1C01202DA505C80009902D /* Products */,
			);
			sourceTree = "<group>";
		};
		2F1C01202DA505C80009902D /* Products */ = {
			isa = PBXGroup;
			children = (
				2F1C011F2DA505C80009902D /* ResponsiveUI.app */,
				2F1C012F2DA505CA0009902D /* ResponsiveUITests.xctest */,
				2F1C01392DA505CA0009902D /* ResponsiveUIUITests.xctest */,
			);
			name = Products;
			sourceTree = "<group>";
		};
/* End PBXGroup section */

/* Begin PBXNativeTarget section */
		2F1C011E2DA505C80009902D /* ResponsiveUI */ = {
			isa = PBXNativeTarget;
			buildConfigurationList = 2F1C01432DA505CA0009902D /* Build configuration list for PBXNativeTarget "ResponsiveUI" */;
			buildPhases = (
				2F1C011B2DA505C80009902D /* Sources */,
				2F1C011C2DA505C80009902D /* Frameworks */,
				2F1C011D2DA505C80009902D /* Resources */,
			);
			buildRules = (
			);
			dependencies = (
			);
			fileSystemSynchronizedGroups = (
				2F1C01212DA505C80009902D /* ResponsiveUI */,
			);
			name = ResponsiveUI;
			packageProductDependencies = (
			);
			productName = ResponsiveUI;
			productReference = 2F1C011F2DA505C80009902D /* ResponsiveUI.app */;
			productType = "com.apple.product-type.application";
		};
		2F1C012E2DA505CA0009902D /* ResponsiveUITests */ = {
			isa = PBXNativeTarget;
			buildConfigurationList = 2F1C01462DA505CA0009902D /* Build configuration list for PBXNativeTarget "ResponsiveUITests" */;
			buildPhases = (
				2F1C012B2DA505CA0009902D /* Sources */,
				2F1C012C2DA505CA0009902D /* Frameworks */,
				2F1C012D2DA505CA0009902D /* Resources */,
			);
			buildRules = (
			);
			dependencies = (
				2F1C01312DA505CA0009902D /* PBXTargetDependency */,
			);
			fileSystemSynchronizedGroups = (
				2F1C01322DA505CA0009902D /* ResponsiveUITests */,
			);
			name = ResponsiveUITests;
			packageProductDependencies = (
			);
			productName = ResponsiveUITests;
			productReference = 2F1C012F2DA505CA0009902D /* ResponsiveUITests.xctest */;
			productType = "com.apple.product-type.bundle.unit-test";
		};
		2F1C01382DA505CA0009902D /* ResponsiveUIUITests */ = {
			isa = PBXNativeTarget;
			buildConfigurationList = 2F1C01492DA505CA0009902D /* Build configuration list for PBXNativeTarget "ResponsiveUIUITests" */;
			buildPhases = (
				2F1C01352DA505CA0009902D /* Sources */,
				2F1C01362DA505CA0009902D /* Frameworks */,
				2F1C01372DA505CA0009902D /* Resources */,
			);
			buildRules = (
			);
			dependencies = (
				2F1C013B2DA505CA0009902D /* PBXTargetDependency */,
			);
			fileSystemSynchronizedGroups = (
				2F1C013C2DA505CA0009902D /* ResponsiveUIUITests */,
			);
			name = ResponsiveUIUITests;
			packageProductDependencies = (
			);
			productName = ResponsiveUIUITests;
			productReference = 2F1C01392DA505CA0009902D /* ResponsiveUIUITests.xctest */;
			productType = "com.apple.product-type.bundle.ui-testing";
		};
/* End PBXNativeTarget section */

/* Begin PBXProject section */
		2F1C01172DA505C80009902D /* Project object */ = {
			isa = PBXProject;
			attributes = {
				BuildIndependentTargetsInParallel = 1;
				LastSwiftUpdateCheck = 1620;
				LastUpgradeCheck = 1620;
				TargetAttributes = {
					2F1C011E2DA505C80009902D = {
						CreatedOnToolsVersion = 16.2;
					};
					2F1C012E2DA505CA0009902D = {
						CreatedOnToolsVersion = 16.2;
						TestTargetID = 2F1C011E2DA505C80009902D;
					};
					2F1C01382DA505CA0009902D = {
						CreatedOnToolsVersion = 16.2;
						TestTargetID = 2F1C011E2DA505C80009902D;
					};
				};
			};
			buildConfigurationList = 2F1C011A2DA505C80009902D /* Build configuration list for PBXProject "ResponsiveUI" */;
			developmentRegion = en;
			hasScannedForEncodings = 0;
			knownRegions = (
				en,
				Base,
			);
			mainGroup = 2F1C01162DA505C80009902D;
			minimizedProjectReferenceProxies = 1;
			preferredProjectObjectVersion = 77;
			productRefGroup = 2F1C01202DA505C80009902D /* Products */;
			projectDirPath = "";
			projectRoot = "";
			targets = (
				2F1C011E2DA505C80009902D /* ResponsiveUI */,
				2F1C012E2DA505CA0009902D /* ResponsiveUITests */,
				2F1C01382DA505CA0009902D /* ResponsiveUIUITests */,
			);
		};
/* End PBXProject section */

/* Begin PBXResourcesBuildPhase section */
		2F1C011D2DA505C80009902D /* Resources */ = {
			isa = PBXResourcesBuildPhase;
			buildActionMask = 2147483647;
			files = (
			);
			runOnlyForDeploymentPostprocessing = 0;
		};
		2F1C012D2DA505CA0009902D /* Resources */ = {
			isa = PBXResourcesBuildPhase;
			buildActionMask = 2147483647;
			files = (
			);
			runOnlyForDeploymentPostprocessing = 0;
		};
		2F1C01372DA505CA0009902D /* Resources */ = {
			isa = PBXResourcesBuildPhase;
			buildActionMask = 2147483647;
			files = (
			);
			runOnlyForDeploymentPostprocessing = 0;
		};
/* End PBXResourcesBuildPhase section */

/* Begin PBXSourcesBuildPhase section */
		2F1C011B2DA505C80009902D /* Sources */ = {
			isa = PBXSourcesBuildPhase;
			buildActionMask = 2147483647;
			files = (
			);
			runOnlyForDeploymentPostprocessing = 0;
		};
		2F1C012B2DA505CA0009902D /* Sources */ = {
			isa = PBXSourcesBuildPhase;
			buildActionMask = 2147483647;
			files = (
			);
			runOnlyForDeploymentPostprocessing = 0;
		};
		2F1C01352DA505CA0009902D /* Sources */ = {
			isa = PBXSourcesBuildPhase;
			buildActionMask = 2147483647;
			files = (
			);
			runOnlyForDeploymentPostprocessing = 0;
		};
/* End PBXSourcesBuildPhase section */

/* Begin PBXTargetDependency section */
		2F1C01312DA505CA0009902D /* PBXTargetDependency */ = {
			isa = PBXTargetDependency;
			target = 2F1C011E2DA505C80009902D /* ResponsiveUI */;
			targetProxy = 2F1C01302DA505CA0009902D /* PBXContainerItemProxy */;
		};
		2F1C013B2DA505CA0009902D /* PBXTargetDependency */ = {
			isa = PBXTargetDependency;
			target = 2F1C011E2DA505C80009902D /* ResponsiveUI */;
			targetProxy = 2F1C013A2DA505CA0009902D /* PBXContainerItemProxy */;
		};
/* End PBXTargetDependency section */

/* Begin XCBuildConfiguration section */
		2F1C01412DA505CA0009902D /* Debug */ = {
			isa = XCBuildConfiguration;
			buildSettings = {
				ALWAYS_SEARCH_USER_PATHS = NO;
				ASSETCATALOG_COMPILER_GENERATE_SWIFT_ASSET_SYMBOL_EXTENSIONS = YES;
				CLANG_ANALYZER_NONNULL = YES;
				CLANG_ANALYZER_NUMBER_OBJECT_CONVERSION = YES_AGGRESSIVE;
				CLANG_CXX_LANGUAGE_STANDARD = "gnu++20";
				CLANG_ENABLE_MODULES = YES;
				CLANG_ENABLE_OBJC_ARC = YES;
				CLANG_ENABLE_OBJC_WEAK = YES;
				CLANG_WARN_BLOCK_CAPTURE_AUTORELEASING = YES;
				CLANG_WARN_BOOL_CONVERSION = YES;
				CLANG_WARN_COMMA = YES;
				CLANG_WARN_CONSTANT_CONVERSION = YES;
				CLANG_WARN_DEPRECATED_OBJC_IMPLEMENTATIONS = YES;
				CLANG_WARN_DIRECT_OBJC_ISA_USAGE = YES_ERROR;
				CLANG_WARN_DOCUMENTATION_COMMENTS = YES;
				CLANG_WARN_EMPTY_BODY = YES;
				CLANG_WARN_ENUM_CONVERSION = YES;
				CLANG_WARN_INFINITE_RECURSION = YES;
				CLANG_WARN_INT_CONVERSION = YES;
				CLANG_WARN_NON_LITERAL_NULL_CONVERSION = YES;
				CLANG_WARN_OBJC_IMPLICIT_RETAIN_SELF = YES;
				CLANG_WARN_OBJC_LITERAL_CONVERSION = YES;
				CLANG_WARN_OBJC_ROOT_CLASS = YES_ERROR;
				CLANG_WARN_QUOTED_INCLUDE_IN_FRAMEWORK_HEADER = YES;
				CLANG_WARN_RANGE_LOOP_ANALYSIS = YES;
				CLANG_WARN_STRICT_PROTOTYPES = YES;
				CLANG_WARN_SUSPICIOUS_MOVE = YES;
				CLANG_WARN_UNGUARDED_AVAILABILITY = YES_AGGRESSIVE;
				CLANG_WARN_UNREACHABLE_CODE = YES;
				CLANG_WARN__DUPLICATE_METHOD_MATCH = YES;
				COPY_PHASE_STRIP = NO;
				DEBUG_INFORMATION_FORMAT = dwarf;
				ENABLE_STRICT_OBJC_MSGSEND = YES;
				ENABLE_TESTABILITY = YES;
				ENABLE_USER_SCRIPT_SANDBOXING = YES;
				GCC_C_LANGUAGE_STANDARD = gnu17;
				GCC_DYNAMIC_NO_PIC = NO;
				GCC_NO_COMMON_BLOCKS = YES;
				GCC_OPTIMIZATION_LEVEL = 0;
				GCC_PREPROCESSOR_DEFINITIONS = (
					"DEBUG=1",
					"$(inherited)",
				);
				GCC_WARN_64_TO_32_BIT_CONVERSION = YES;
				GCC_WARN_ABOUT_RETURN_TYPE = YES_ERROR;
				GCC_WARN_UNDECLARED_SELECTOR = YES;
				GCC_WARN_UNINITIALIZED_AUTOS = YES_AGGRESSIVE;
				GCC_WARN_UNUSED_FUNCTION = YES;
				GCC_WARN_UNUSED_VARIABLE = YES;
				IPHONEOS_DEPLOYMENT_TARGET = 18.2;
				LOCALIZATION_PREFERS_STRING_CATALOGS = YES;
				MTL_ENABLE_DEBUG_INFO = INCLUDE_SOURCE;
				MTL_FAST_MATH = YES;
				ONLY_ACTIVE_ARCH = YES;
				SDKROOT = iphoneos;
				SWIFT_ACTIVE_COMPILATION_CONDITIONS = "DEBUG $(inherited)";
				SWIFT_OPTIMIZATION_LEVEL = "-Onone";
			};
			name = Debug;
		};
		2F1C01422DA505CA0009902D /* Release */ = {
			isa = XCBuildConfiguration;
			buildSettings = {
				ALWAYS_SEARCH_USER_PATHS = NO;
				ASSETCATALOG_COMPILER_GENERATE_SWIFT_ASSET_SYMBOL_EXTENSIONS = YES;
				CLANG_ANALYZER_NONNULL = YES;
				CLANG_ANALYZER_NUMBER_OBJECT_CONVERSION = YES_AGGRESSIVE;
				CLANG_CXX_LANGUAGE_STANDARD = "gnu++20";
				CLANG_ENABLE_MODULES = YES;
				CLANG_ENABLE_OBJC_ARC = YES;
				CLANG_ENABLE_OBJC_WEAK = YES;
				CLANG_WARN_BLOCK_CAPTURE_AUTORELEASING = YES;
				CLANG_WARN_BOOL_CONVERSION = YES;
				CLANG_WARN_COMMA = YES;
				CLANG_WARN_CONSTANT_CONVERSION = YES;
				CLANG_WARN_DEPRECATED_OBJC_IMPLEMENTATIONS = YES;
				CLANG_WARN_DIRECT_OBJC_ISA_USAGE = YES_ERROR;
				CLANG_WARN_DOCUMENTATION_COMMENTS = YES;
				CLANG_WARN_EMPTY_BODY = YES;
				CLANG_WARN_ENUM_CONVERSION = YES;
				CLANG_WARN_INFINITE_RECURSION = YES;
				CLANG_WARN_INT_CONVERSION = YES;
				CLANG_WARN_NON_LITERAL_NULL_CONVERSION = YES;
				CLANG_WARN_OBJC_IMPLICIT_RETAIN_SELF = YES;
				CLANG_WARN_OBJC_LITERAL_CONVERSION = YES;
				CLANG_WARN_OBJC_ROOT_CLASS = YES_ERROR;
				CLANG_WARN_QUOTED_INCLUDE_IN_FRAMEWORK_HEADER = YES;
				CLANG_WARN_RANGE_LOOP_ANALYSIS = YES;
				CLANG_WARN_STRICT_PROTOTYPES = YES;
				CLANG_WARN_SUSPICIOUS_MOVE = YES;
				CLANG_WARN_UNGUARDED_AVAILABILITY = YES_AGGRESSIVE;
				CLANG_WARN_UNREACHABLE_CODE = YES;
				CLANG_WARN__DUPLICATE_METHOD_MATCH = YES;
				COPY_PHASE_STRIP = NO;
				DEBUG_INFORMATION_FORMAT = "dwarf-with-dsym";
				ENABLE_NS_ASSERTIONS = NO;
				ENABLE_STRICT_OBJC_MSGSEND = YES;
				ENABLE_USER_SCRIPT_SANDBOXING = YES;
				GCC_C_LANGUAGE_STANDARD = gnu17;
				GCC_NO_COMMON_BLOCKS = YES;
				GCC_WARN_64_TO_32_BIT_CONVERSION = YES;
				GCC_WARN_ABOUT_RETURN_TYPE = YES_ERROR;
				GCC_WARN_UNDECLARED_SELECTOR = YES;
				GCC_WARN_UNINITIALIZED_AUTOS = YES_AGGRESSIVE;
				GCC_WARN_UNUSED_FUNCTION = YES;
				GCC_WARN_UNUSED_VARIABLE = YES;
				IPHONEOS_DEPLOYMENT_TARGET = 18.2;
				LOCALIZATION_PREFERS_STRING_CATALOGS = YES;
				MTL_ENABLE_DEBUG_INFO = NO;
				MTL_FAST_MATH = YES;
				SDKROOT = iphoneos;
				SWIFT_COMPILATION_MODE = wholemodule;
				VALIDATE_PRODUCT = YES;
			};
			name = Release;
		};
		2F1C01442DA505CA0009902D /* Debug */ = {
			isa = XCBuildConfiguration;
			buildSettings = {
				ASSETCATALOG_COMPILER_APPICON_NAME = AppIcon;
				ASSETCATALOG_COMPILER_GLOBAL_ACCENT_COLOR_NAME = AccentColor;
				CODE_SIGN_STYLE = Automatic;
				CURRENT_PROJECT_VERSION = 1;
				DEVELOPMENT_ASSET_PATHS = "\"ResponsiveUI/Preview Content\"";
				ENABLE_PREVIEWS = YES;
				GENERATE_INFOPLIST_FILE = YES;
				INFOPLIST_KEY_UIApplicationSceneManifest_Generation = YES;
				INFOPLIST_KEY_UIApplicationSupportsIndirectInputEvents = YES;
				INFOPLIST_KEY_UILaunchScreen_Generation = YES;
				INFOPLIST_KEY_UISupportedInterfaceOrientations_iPad = "UIInterfaceOrientationPortrait UIInterfaceOrientationPortraitUpsideDown UIInterfaceOrientationLandscapeLeft UIInterfaceOrientationLandscapeRight";
				INFOPLIST_KEY_UISupportedInterfaceOrientations_iPhone = "UIInterfaceOrientationPortrait UIInterfaceOrientationLandscapeLeft UIInterfaceOrientationLandscapeRight";
				LD_RUNPATH_SEARCH_PATHS = (
					"$(inherited)",
					"@executable_path/Frameworks",
				);
				MARKETING_VERSION = 1.0;
				PRODUCT_BUNDLE_IDENTIFIER = nimishmothghare.ResponsiveUI;
				PRODUCT_NAME = "$(TARGET_NAME)";
				SWIFT_EMIT_LOC_STRINGS = YES;
				SWIFT_VERSION = 5.0;
				TARGETED_DEVICE_FAMILY = "1,2";
			};
			name = Debug;
		};
		2F1C01452DA505CA0009902D /* Release */ = {
			isa = XCBuildConfiguration;
			buildSettings = {
				ASSETCATALOG_COMPILER_APPICON_NAME = AppIcon;
				ASSETCATALOG_COMPILER_GLOBAL_ACCENT_COLOR_NAME = AccentColor;
				CODE_SIGN_STYLE = Automatic;
				CURRENT_PROJECT_VERSION = 1;
				DEVELOPMENT_ASSET_PATHS = "\"ResponsiveUI/Preview Content\"";
				ENABLE_PREVIEWS = YES;
				GENERATE_INFOPLIST_FILE = YES;
				INFOPLIST_KEY_UIApplicationSceneManifest_Generation = YES;
				INFOPLIST_KEY_UIApplicationSupportsIndirectInputEvents = YES;
				INFOPLIST_KEY_UILaunchScreen_Generation = YES;
				INFOPLIST_KEY_UISupportedInterfaceOrientations_iPad = "UIInterfaceOrientationPortrait UIInterfaceOrientationPortraitUpsideDown UIInterfaceOrientationLandscapeLeft UIInterfaceOrientationLandscapeRight";
				INFOPLIST_KEY_UISupportedInterfaceOrientations_iPhone = "UIInterfaceOrientationPortrait UIInterfaceOrientationLandscapeLeft UIInterfaceOrientationLandscapeRight";
				LD_RUNPATH_SEARCH_PATHS = (
					"$(inherited)",
					"@executable_path/Frameworks",
				);
				MARKETING_VERSION = 1.0;
				PRODUCT_BUNDLE_IDENTIFIER = nimishmothghare.ResponsiveUI;
				PRODUCT_NAME = "$(TARGET_NAME)";
				SWIFT_EMIT_LOC_STRINGS = YES;
				SWIFT_VERSION = 5.0;
				TARGETED_DEVICE_FAMILY = "1,2";
			};
			name = Release;
		};
		2F1C01472DA505CA0009902D /* Debug */ = {
			isa = XCBuildConfiguration;
			buildSettings = {
				BUNDLE_LOADER = "$(TEST_HOST)";
				CODE_SIGN_STYLE = Automatic;
				CURRENT_PROJECT_VERSION = 1;
				GENERATE_INFOPLIST_FILE = YES;
				IPHONEOS_DEPLOYMENT_TARGET = 18.2;
				MARKETING_VERSION = 1.0;
				PRODUCT_BUNDLE_IDENTIFIER = nimishmothghare.ResponsiveUITests;
				PRODUCT_NAME = "$(TARGET_NAME)";
				SWIFT_EMIT_LOC_STRINGS = NO;
				SWIFT_VERSION = 5.0;
				TARGETED_DEVICE_FAMILY = "1,2";
				TEST_HOST = "$(BUILT_PRODUCTS_DIR)/ResponsiveUI.app/$(BUNDLE_EXECUTABLE_FOLDER_PATH)/ResponsiveUI";
			};
			name = Debug;
		};
		2F1C01482DA505CA0009902D /* Release */ = {
			isa = XCBuildConfiguration;
			buildSettings = {
				BUNDLE_LOADER = "$(TEST_HOST)";
				CODE_SIGN_STYLE = Automatic;
				CURRENT_PROJECT_VERSION = 1;
				GENERATE_INFOPLIST_FILE = YES;
				IPHONEOS_DEPLOYMENT_TARGET = 18.2;
				MARKETING_VERSION = 1.0;
				PRODUCT_BUNDLE_IDENTIFIER = nimishmothghare.ResponsiveUITests;
				PRODUCT_NAME = "$(TARGET_NAME)";
				SWIFT_EMIT_LOC_STRINGS = NO;
				SWIFT_VERSION = 5.0;
				TARGETED_DEVICE_FAMILY = "1,2";
				TEST_HOST = "$(BUILT_PRODUCTS_DIR)/ResponsiveUI.app/$(BUNDLE_EXECUTABLE_FOLDER_PATH)/ResponsiveUI";
			};
			name = Release;
		};
		2F1C014A2DA505CA0009902D /* Debug */ = {
			isa = XCBuildConfiguration;
			buildSettings = {
				CODE_SIGN_STYLE = Automatic;
				CURRENT_PROJECT_VERSION = 1;
				GENERATE_INFOPLIST_FILE = YES;
				MARKETING_VERSION = 1.0;
				PRODUCT_BUNDLE_IDENTIFIER = nimishmothghare.ResponsiveUIUITests;
				PRODUCT_NAME = "$(TARGET_NAME)";
				SWIFT_EMIT_LOC_STRINGS = NO;
				SWIFT_VERSION = 5.0;
				TARGETED_DEVICE_FAMILY = "1,2";
				TEST_TARGET_NAME = ResponsiveUI;
			};
			name = Debug;
		};
		2F1C014B2DA505CA0009902D /* Release */ = {
			isa = XCBuildConfiguration;
			buildSettings = {
				CODE_SIGN_STYLE = Automatic;
				CURRENT_PROJECT_VERSION = 1;
				GENERATE_INFOPLIST_FILE = YES;
				MARKETING_VERSION = 1.0;
				PRODUCT_BUNDLE_IDENTIFIER = nimishmothghare.ResponsiveUIUITests;
				PRODUCT_NAME = "$(TARGET_NAME)";
				SWIFT_EMIT_LOC_STRINGS = NO;
				SWIFT_VERSION = 5.0;
				TARGETED_DEVICE_FAMILY = "1,2";
				TEST_TARGET_NAME = ResponsiveUI;
			};
			name = Release;
		};
/* End XCBuildConfiguration section */

/* Begin XCConfigurationList section */
		2F1C011A2DA505C80009902D /* Build configuration list for PBXProject "ResponsiveUI" */ = {
			isa = XCConfigurationList;
			buildConfigurations = (
				2F1C01412DA505CA0009902D /* Debug */,
				2F1C01422DA505CA0009902D /* Release */,
			);
			defaultConfigurationIsVisible = 0;
			defaultConfigurationName = Release;
		};
		2F1C01432DA505CA0009902D /* Build configuration list for PBXNativeTarget "ResponsiveUI" */ = {
			isa = XCConfigurationList;
			buildConfigurations = (
				2F1C01442DA505CA0009902D /* Debug */,
				2F1C01452DA505CA0009902D /* Release */,
			);
			defaultConfigurationIsVisible = 0;
			defaultConfigurationName = Release;
		};
		2F1C01462DA505CA0009902D /* Build configuration list for PBXNativeTarget "ResponsiveUITests" */ = {
			isa = XCConfigurationList;
			buildConfigurations = (
				2F1C01472DA505CA0009902D /* Debug */,
				2F1C01482DA505CA0009902D /* Release */,
			);
			defaultConfigurationIsVisible = 0;
			defaultConfigurationName = Release;
		};
		2F1C01492DA505CA0009902D /* Build configuration list for PBXNativeTarget "ResponsiveUIUITests" */ = {
			isa = XCConfigurationList;
			buildConfigurations = (
				2F1C014A2DA505CA0009902D /* Debug */,
				2F1C014B2DA505CA0009902D /* Release */,
			);
			defaultConfigurationIsVisible = 0;
			defaultConfigurationName = Release;
		};
/* End XCConfigurationList section */
	};
	rootObject = 2F1C01172DA505C80009902D /* Project object */;
}
